
Microsoft Visual Studio Solution File, Format Version 12.00
# Visual Studio Version 16
VisualStudioVersion = 16.0.29424.173
MinimumVisualStudioVersion = 10.0.40219.1
Project("{2150E333-8FDC-42A3-9474-1A3956D46DE8}") = "Microservices", "Microservices", "{430C9726-7F43-47EB-AA64-24A1167A2ABA}"
EndProject
Project("{2150E333-8FDC-42A3-9474-1A3956D46DE8}") = "Domain", "Domain", "{19BB8394-996A-4CE8-B2C6-C7F607EB4C66}"
EndProject
Project("{2150E333-8FDC-42A3-9474-1A3956D46DE8}") = "Infra.Bus", "Infra.Bus", "{D96DB86F-C5CD-463C-A000-553681D6AB25}"
EndProject
Project("{2150E333-8FDC-42A3-9474-1A3956D46DE8}") = "Infra.Ioc", "Infra.Ioc", "{43733C63-64C2-42A4-B1CF-4581F9BFB8EE}"
EndProject
Project("{2150E333-8FDC-42A3-9474-1A3956D46DE8}") = "Presentation", "Presentation", "{DCE2C414-9B4E-48BD-A2EB-AF2CA31F05DA}"
EndProject
Project("{FAE04EC0-301F-11D3-BF4B-00C04F79EFBC}") = "MicroRabbit.Domain.Core", "MicroRabbit.Domain.Core\MicroRabbit.Domain.Core.csproj", "{B6DC8580-1528-4175-9F46-5676EB1B5DDB}"
EndProject
Global
	GlobalSection(SolutionConfigurationPlatforms) = preSolution
		Debug|Any CPU = Debug|Any CPU
		Release|Any CPU = Release|Any CPU
	EndGlobalSection
	GlobalSection(ProjectConfigurationPlatforms) = postSolution
		{B6DC8580-1528-4175-9F46-5676EB1B5DDB}.Debug|Any CPU.ActiveCfg = Debug|Any CPU
		{B6DC8580-1528-4175-9F46-5676EB1B5DDB}.Debug|Any CPU.Build.0 = Debug|Any CPU
		{B6DC8580-1528-4175-9F46-5676EB1B5DDB}.Release|Any CPU.ActiveCfg = Release|Any CPU
		{B6DC8580-1528-4175-9F46-5676EB1B5DDB}.Release|Any CPU.Build.0 = Release|Any CPU
	EndGlobalSection
	GlobalSection(SolutionProperties) = preSolution
		HideSolutionNode = FALSE
	EndGlobalSection
	GlobalSection(NestedProjects) = preSolution
		{B6DC8580-1528-4175-9F46-5676EB1B5DDB} = {19BB8394-996A-4CE8-B2C6-C7F607EB4C66}
	EndGlobalSection
	GlobalSection(ExtensibilityGlobals) = postSolution
		SolutionGuid = {0D4BEF12-4E74-4E15-84B9-AA503EBE0A22}
	EndGlobalSection
EndGlobal
